
Microsoft Visual Studio Solution File, Format Version 12.00
# Visual Studio Version 17
VisualStudioVersion = 17.0.32014.148
MinimumVisualStudioVersion = 10.0.40219.1
Project("{FAE04EC0-301F-11D3-BF4B-00C04F79EFBC}") = "ApiBureau.Confluence.Api", "src\ApiBureau.Confluence.Api\ApiBureau.Confluence.Api.csproj", "{95DD4061-CADD-4F4D-A89D-70E70CC6C99D}"
EndProject
Global
	GlobalSection(SolutionConfigurationPlatforms) = preSolution
		Debug|Any CPU = Debug|Any CPU
		Release|Any CPU = Release|Any CPU
	EndGlobalSection
	GlobalSection(ProjectConfigurationPlatforms) = postSolution
		{95DD4061-CADD-4F4D-A89D-70E70CC6C99D}.Debug|Any CPU.ActiveCfg = Debug|Any CPU
		{95DD4061-CADD-4F4D-A89D-70E70CC6C99D}.Debug|Any CPU.Build.0 = Debug|Any CPU
		{95DD4061-CADD-4F4D-A89D-70E70CC6C99D}.Release|Any CPU.ActiveCfg = Release|Any CPU
		{95DD4061-CADD-4F4D-A89D-70E70CC6C99D}.Release|Any CPU.Build.0 = Release|Any CPU
	EndGlobalSection
	GlobalSection(SolutionProperties) = preSolution
		HideSolutionNode = FALSE
	EndGlobalSection
	GlobalSection(ExtensibilityGlobals) = postSolution
		SolutionGuid = {3E9A8842-186C-4375-8D17-D5259E123AE0}
	EndGlobalSection
EndGlobal
